
Microsoft Visual Studio Solution File, Format Version 12.00
Project("{FAE04EC0-301F-11D3-BF4B-00C04F79EFBC}") = "Entertainment", "Entertainment\Entertainment.csproj", "{63C6A44F-D505-481C-A5A5-4D054D1DAE68}"
EndProject
Global
	GlobalSection(SolutionConfigurationPlatforms) = preSolution
		Debug|Any CPU = Debug|Any CPU
		Release|Any CPU = Release|Any CPU
	EndGlobalSection
	GlobalSection(ProjectConfigurationPlatforms) = postSolution
		{63C6A44F-D505-481C-A5A5-4D054D1DAE68}.Debug|Any CPU.ActiveCfg = Debug|Any CPU
		{63C6A44F-D505-481C-A5A5-4D054D1DAE68}.Debug|Any CPU.Build.0 = Debug|Any CPU
		{63C6A44F-D505-481C-A5A5-4D054D1DAE68}.Release|Any CPU.ActiveCfg = Release|Any CPU
		{63C6A44F-D505-481C-A5A5-4D054D1DAE68}.Release|Any CPU.Build.0 = Release|Any CPU
	EndGlobalSection
EndGlobal
